
Microsoft Visual Studio Solution File, Format Version 12.00
# Visual Studio Version 17
VisualStudioVersion = 17.2.32616.157
MinimumVisualStudioVersion = 10.0.40219.1
Project("{FAE04EC0-301F-11D3-BF4B-00C04F79EFBC}") = "FCS_WebSite", "FCS_WebSite\FCS_WebSite.csproj", "{8A660699-69F3-432A-A593-8F7580313768}"
EndProject
Global
	GlobalSection(SolutionConfigurationPlatforms) = preSolution
		Debug|Any CPU = Debug|Any CPU
		Release|Any CPU = Release|Any CPU
	EndGlobalSection
	GlobalSection(ProjectConfigurationPlatforms) = postSolution
		{8A660699-69F3-432A-A593-8F7580313768}.Debug|Any CPU.ActiveCfg = Debug|Any CPU
		{8A660699-69F3-432A-A593-8F7580313768}.Debug|Any CPU.Build.0 = Debug|Any CPU
		{8A660699-69F3-432A-A593-8F7580313768}.Release|Any CPU.ActiveCfg = Release|Any CPU
		{8A660699-69F3-432A-A593-8F7580313768}.Release|Any CPU.Build.0 = Release|Any CPU
	EndGlobalSection
	GlobalSection(SolutionProperties) = preSolution
		HideSolutionNode = FALSE
	EndGlobalSection
	GlobalSection(ExtensibilityGlobals) = postSolution
		SolutionGuid = {5B93D6BE-7503-4861-BC53-D24932B84503}
	EndGlobalSection
EndGlobal
